// !$*UTF8*$!
{
	archiveVersion = 1;
	classes = {
	};
	objectVersion = 46;
	objects = {

/* Begin PBXBuildFile section */
		2B8F4A831A6B795700B6557C /* AppDelegate.swift in Sources */ = {isa = PBXBuildFile; fileRef = 2B8F4A821A6B795700B6557C /* AppDelegate.swift */; };
		2B8F4A851A6B795700B6557C /* ViewController.swift in Sources */ = {isa = PBXBuildFile; fileRef = 2B8F4A841A6B795700B6557C /* ViewController.swift */; };
		2B8F4A881A6B795700B6557C /* Main.storyboard in Resources */ = {isa = PBXBuildFile; fileRef = 2B8F4A861A6B795700B6557C /* Main.storyboard */; };
		2B8F4A8A1A6B795700B6557C /* Images.xcassets in Resources */ = {isa = PBXBuildFile; fileRef = 2B8F4A891A6B795700B6557C /* Images.xcassets */; };
		2B8F4A8D1A6B795700B6557C /* LaunchScreen.xib in Resources */ = {isa = PBXBuildFile; fileRef = 2B8F4A8B1A6B795700B6557C /* LaunchScreen.xib */; };
		2B8F4A991A6B795800B6557C /* TestTests.swift in Sources */ = {isa = PBXBuildFile; fileRef = 2B8F4A981A6B795800B6557C /* TestTests.swift */; };
/* End PBXBuildFile section */

/* Begin PBXContainerItemProxy section */
		2B8F4A931A6B795800B6557C /* PBXContainerItemProxy */ = {
			isa = PBXContainerItemProxy;
			containerPortal = 2B8F4A751A6B795700B6557C /* Project object */;
			proxyType = 1;
			remoteGlobalIDString = 2B8F4A7C1A6B795700B6557C;
			remoteInfo = Test;
		};
/* End PBXContainerItemProxy section */

/* Begin PBXFileReference section */
		2B8F4A7D1A6B795700B6557C /* Test.app */ = {isa = PBXFileReference; explicitFileType = wrapper.application; includeInIndex = 0; path = Test.app; sourceTree = BUILT_PRODUCTS_DIR; };
		2B8F4A811A6B795700B6557C /* Info.plist */ = {isa = PBXFileReference; lastKnownFileType = text.plist.xml; path = Info.plist; sourceTree = "<group>"; };
		2B8F4A821A6B795700B6557C /* AppDelegate.swift */ = {isa = PBXFileReference; lastKnownFileType = sourcecode.swift; path = AppDelegate.swift; sourceTree = "<group>"; };
		2B8F4A841A6B795700B6557C /* ViewController.swift */ = {isa = PBXFileReference; lastKnownFileType = sourcecode.swift; path = ViewController.swift; sourceTree = "<group>"; };
		2B8F4A871A6B795700B6557C /* Base */ = {isa = PBXFileReference; lastKnownFileType = file.storyboard; name = Base; path = Base.lproj/Main.storyboard; sourceTree = "<group>"; };
		2B8F4A891A6B795700B6557C /* Images.xcassets */ = {isa = PBXFileReference; lastKnownFileType = folder.assetcatalog; path = Images.xcassets; sourceTree = "<group>"; };
		2B8F4A8C1A6B795700B6557C /* Base */ = {isa = PBXFileReference; lastKnownFileType = file.xib; name = Base; path = Base.lproj/LaunchScreen.xib; sourceTree = "<group>"; };
		2B8F4A921A6B795800B6557C /* TestTests.xctest */ = {isa = PBXFileReference; explicitFileType = wrapper.cfbundle; includeInIndex = 0; path = TestTests.xctest; sourceTree = BUILT_PRODUCTS_DIR; };
		2B8F4A971A6B795800B6557C /* Info.plist */ = {isa = PBXFileReference; lastKnownFileType = text.plist.xml; path = Info.plist; sourceTree = "<group>"; };
		2B8F4A981A6B795800B6557C /* TestTests.swift */ = {isa = PBXFileReference; lastKnownFileType = sourcecode.swift; path = TestTests.swift; sourceTree = "<group>"; };
/* End PBXFileReference section */

/* Begin PBXFrameworksBuildPhase section */
		2B8F4A7A1A6B795700B6557C /* Frameworks */ = {
			isa = PBXFrameworksBuildPhase;
			buildActionMask = 2147483647;
			files = (
			);
			runOnlyForDeploymentPostprocessing = 0;
		};
		2B8F4A8F1A6B795800B6557C /* Frameworks */ = {
			isa = PBXFrameworksBuildPhase;
			buildActionMask = 2147483647;
			files = (
			);
			runOnlyForDeploymentPostprocessing = 0;
		};
/* End PBXFrameworksBuildPhase section */

/* Begin PBXGroup section */
		2B8F4A741A6B795700B6557C = {
			isa = PBXGroup;
			children = (
				2B8F4A7F1A6B795700B6557C /* Test */,
				2B8F4A951A6B795800B6557C /* TestTests */,
				2B8F4A7E1A6B795700B6557C /* Products */,
			);
			sourceTree = "<group>";
		};
		2B8F4A7E1A6B795700B6557C /* Products */ = {
			isa = PBXGroup;
			children = (
				2B8F4A7D1A6B795700B6557C /* Test.app */,
				2B8F4A921A6B795800B6557C /* TestTests.xctest */,
			);
			name = Products;
			sourceTree = "<group>";
		};
		2B8F4A7F1A6B795700B6557C /* Test */ = {
			isa = PBXGroup;
			children = (
				2B8F4A821A6B795700B6557C /* AppDelegate.swift */,
				2B8F4A841A6B795700B6557C /* ViewController.swift */,
				2B8F4A861A6B795700B6557C /* Main.storyboard */,
				2B8F4A891A6B795700B6557C /* Images.xcassets */,
				2B8F4A8B1A6B795700B6557C /* LaunchScreen.xib */,
				2B8F4A801A6B795700B6557C /* Supporting Files */,
			);
			path = Test;
			sourceTree = "<group>";
		};
		2B8F4A801A6B795700B6557C /* Supporting Files */ = {
			isa = PBXGroup;
			children = (
				2B8F4A811A6B795700B6557C /* Info.plist */,
			);
			name = "Supporting Files";
			sourceTree = "<group>";
		};
		2B8F4A951A6B795800B6557C /* TestTests */ = {
			isa = PBXGroup;
			children = (
				2B8F4A981A6B795800B6557C /* TestTests.swift */,
				2B8F4A961A6B795800B6557C /* Supporting Files */,
			);
			path = TestTests;
			sourceTree = "<group>";
		};
		2B8F4A961A6B795800B6557C /* Supporting Files */ = {
			isa = PBXGroup;
			children = (
				2B8F4A971A6B795800B6557C /* Info.plist */,
			);
			name = "Supporting Files";
			sourceTree = "<group>";
		};
/* End PBXGroup section */

/* Begin PBXNativeTarget section */
		2B8F4A7C1A6B795700B6557C /* Test */ = {
			isa = PBXNativeTarget;
			buildConfigurationList = 2B8F4A9C1A6B795800B6557C /* Build configuration list for PBXNativeTarget "Test" */;
			buildPhases = (
				2B8F4A791A6B795700B6557C /* Sources */,
				2B8F4A7A1A6B795700B6557C /* Frameworks */,
				2B8F4A7B1A6B795700B6557C /* Resources */,
			);
			buildRules = (
			);
			dependencies = (
			);
			name = Test;
			productName = Test;
			productReference = 2B8F4A7D1A6B795700B6557C /* Test.app */;
			productType = "com.apple.product-type.application";
		};
		2B8F4A911A6B795800B6557C /* TestTests */ = {
			isa = PBXNativeTarget;
			buildConfigurationList = 2B8F4A9F1A6B795800B6557C /* Build configuration list for PBXNativeTarget "TestTests" */;
			buildPhases = (
				2B8F4A8E1A6B795800B6557C /* Sources */,
				2B8F4A8F1A6B795800B6557C /* Frameworks */,
				2B8F4A901A6B795800B6557C /* Resources */,
			);
			buildRules = (
			);
			dependencies = (
				2B8F4A941A6B795800B6557C /* PBXTargetDependency */,
			);
			name = TestTests;
			productName = TestTests;
			productReference = 2B8F4A921A6B795800B6557C /* TestTests.xctest */;
			productType = "com.apple.product-type.bundle.unit-test";
		};
/* End PBXNativeTarget section */

/* Begin PBXProject section */
		2B8F4A751A6B795700B6557C /* Project object */ = {
			isa = PBXProject;
			attributes = {
				LastUpgradeCheck = 0610;
				ORGANIZATIONNAME = "Prashant Sinha";
				TargetAttributes = {
					2B8F4A7C1A6B795700B6557C = {
						CreatedOnToolsVersion = 6.1.1;
					};
					2B8F4A911A6B795800B6557C = {
						CreatedOnToolsVersion = 6.1.1;
						TestTargetID = 2B8F4A7C1A6B795700B6557C;
					};
				};
			};
			buildConfigurationList = 2B8F4A781A6B795700B6557C /* Build configuration list for PBXProject "Test" */;
			compatibilityVersion = "Xcode 3.2";
			developmentRegion = English;
			hasScannedForEncodings = 0;
			knownRegions = (
				en,
				Base,
			);
			mainGroup = 2B8F4A741A6B795700B6557C;
			productRefGroup = 2B8F4A7E1A6B795700B6557C /* Products */;
			projectDirPath = "";
			projectRoot = "";
			targets = (
				2B8F4A7C1A6B795700B6557C /* Test */,
				2B8F4A911A6B795800B6557C /* TestTests */,
			);
		};
/* End PBXProject section */

/* Begin PBXResourcesBuildPhase section */
		2B8F4A7B1A6B795700B6557C /* Resources */ = {
			isa = PBXResourcesBuildPhase;
			buildActionMask = 2147483647;
			files = (
				2B8F4A881A6B795700B6557C /* Main.storyboard in Resources */,
				2B8F4A8D1A6B795700B6557C /* LaunchScreen.xib in Resources */,
				2B8F4A8A1A6B795700B6557C /* Images.xcassets in Resources */,
			);
			runOnlyForDeploymentPostprocessing = 0;
		};
		2B8F4A901A6B795800B6557C /* Resources */ = {
			isa = PBXResourcesBuildPhase;
			buildActionMask = 2147483647;
			files = (
			);
			runOnlyForDeploymentPostprocessing = 0;
		};
/* End PBXResourcesBuildPhase section */

/* Begin PBXSourcesBuildPhase section */
		2B8F4A791A6B795700B6557C /* Sources */ = {
			isa = PBXSourcesBuildPhase;
			buildActionMask = 2147483647;
			files = (
				2B8F4A851A6B795700B6557C /* ViewController.swift in Sources */,
				2B8F4A831A6B795700B6557C /* AppDelegate.swift in Sources */,
			);
			runOnlyForDeploymentPostprocessing = 0;
		};
		2B8F4A8E1A6B795800B6557C /* Sources */ = {
			isa = PBXSourcesBuildPhase;
			buildActionMask = 2147483647;
			files = (
				2B8F4A991A6B795800B6557C /* TestTests.swift in Sources */,
			);
			runOnlyForDeploymentPostprocessing = 0;
		};
/* End PBXSourcesBuildPhase section */

/* Begin PBXTargetDependency section */
		2B8F4A941A6B795800B6557C /* PBXTargetDependency */ = {
			isa = PBXTargetDependency;
			target = 2B8F4A7C1A6B795700B6557C /* Test */;
			targetProxy = 2B8F4A931A6B795800B6557C /* PBXContainerItemProxy */;
		};
/* End PBXTargetDependency section */

/* Begin PBXVariantGroup section */
		2B8F4A861A6B795700B6557C /* Main.storyboard */ = {
			isa = PBXVariantGroup;
			children = (
				2B8F4A871A6B795700B6557C /* Base */,
			);
			name = Main.storyboard;
			sourceTree = "<group>";
		};
		2B8F4A8B1A6B795700B6557C /* LaunchScreen.xib */ = {
			isa = PBXVariantGroup;
			children = (
				2B8F4A8C1A6B795700B6557C /* Base */,
			);
			name = LaunchScreen.xib;
			sourceTree = "<group>";
		};
/* End PBXVariantGroup section */

/* Begin XCBuildConfiguration section */
		2B8F4A9A1A6B795800B6557C /* Debug */ = {
			isa = XCBuildConfiguration;
			buildSettings = {
				ALWAYS_SEARCH_USER_PATHS = NO;
				CLANG_CXX_LANGUAGE_STANDARD = "gnu++0x";
				CLANG_CXX_LIBRARY = "libc++";
				CLANG_ENABLE_MODULES = YES;
				CLANG_ENABLE_OBJC_ARC = YES;
				CLANG_WARN_BOOL_CONVERSION = YES;
				CLANG_WARN_CONSTANT_CONVERSION = YES;
				CLANG_WARN_DIRECT_OBJC_ISA_USAGE = YES_ERROR;
				CLANG_WARN_EMPTY_BODY = YES;
				CLANG_WARN_ENUM_CONVERSION = YES;
				CLANG_WARN_INT_CONVERSION = YES;
				CLANG_WARN_OBJC_ROOT_CLASS = YES_ERROR;
				CLANG_WARN_UNREACHABLE_CODE = YES;
				CLANG_WARN__DUPLICATE_METHOD_MATCH = YES;
				"CODE_SIGN_IDENTITY[sdk=iphoneos*]" = "iPhone Developer";
				COPY_PHASE_STRIP = NO;
				ENABLE_STRICT_OBJC_MSGSEND = YES;
				GCC_C_LANGUAGE_STANDARD = gnu99;
				GCC_DYNAMIC_NO_PIC = NO;
				GCC_OPTIMIZATION_LEVEL = 0;
				GCC_PREPROCESSOR_DEFINITIONS = (
					"DEBUG=1",
					"$(inherited)",
				);
				GCC_SYMBOLS_PRIVATE_EXTERN = NO;
				GCC_WARN_64_TO_32_BIT_CONVERSION = YES;
				GCC_WARN_ABOUT_RETURN_TYPE = YES_ERROR;
				GCC_WARN_UNDECLARED_SELECTOR = YES;
				GCC_WARN_UNINITIALIZED_AUTOS = YES_AGGRESSIVE;
				GCC_WARN_UNUSED_FUNCTION = YES;
				GCC_WARN_UNUSED_VARIABLE = YES;
				IPHONEOS_DEPLOYMENT_TARGET = 8.1;
				MTL_ENABLE_DEBUG_INFO = YES;
				ONLY_ACTIVE_ARCH = YES;
				SDKROOT = iphoneos;
				SWIFT_OPTIMIZATION_LEVEL = "-Onone";
			};
			name = Debug;
		};
		2B8F4A9B1A6B795800B6557C /* Release */ = {
			isa = XCBuildConfiguration;
			buildSettings = {
				ALWAYS_SEARCH_USER_PATHS = NO;
				CLANG_CXX_LANGUAGE_STANDARD = "gnu++0x";
				CLANG_CXX_LIBRARY = "libc++";
				CLANG_ENABLE_MODULES = YES;
				CLANG_ENABLE_OBJC_ARC = YES;
				CLANG_WARN_BOOL_CONVERSION = YES;
				CLANG_WARN_CONSTANT_CONVERSION = YES;
				CLANG_WARN_DIRECT_OBJC_ISA_USAGE = YES_ERROR;
				CLANG_WARN_EMPTY_BODY = YES;
				CLANG_WARN_ENUM_CONVERSION = YES;
				CLANG_WARN_INT_CONVERSION = YES;
				CLANG_WARN_OBJC_ROOT_CLASS = YES_ERROR;
				CLANG_WARN_UNREACHABLE_CODE = YES;
				CLANG_WARN__DUPLICATE_METHOD_MATCH = YES;
				"CODE_SIGN_IDENTITY[sdk=iphoneos*]" = "iPhone Developer";
				COPY_PHASE_STRIP = YES;
				ENABLE_NS_ASSERTIONS = NO;
				ENABLE_STRICT_OBJC_MSGSEND = YES;
				GCC_C_LANGUAGE_STANDARD = gnu99;
				GCC_WARN_64_TO_32_BIT_CONVERSION = YES;
				GCC_WARN_ABOUT_RETURN_TYPE = YES_ERROR;
				GCC_WARN_UNDECLARED_SELECTOR = YES;
				GCC_WARN_UNINITIALIZED_AUTOS = YES_AGGRESSIVE;
				GCC_WARN_UNUSED_FUNCTION = YES;
				GCC_WARN_UNUSED_VARIABLE = YES;
				IPHONEOS_DEPLOYMENT_TARGET = 8.1;
				MTL_ENABLE_DEBUG_INFO = NO;
				SDKROOT = iphoneos;
				VALIDATE_PRODUCT = YES;
			};
			name = Release;
		};
		2B8F4A9D1A6B795800B6557C /* Debug */ = {
			isa = XCBuildConfiguration;
			buildSettings = {
				ASSETCATALOG_COMPILER_APPICON_NAME = AppIcon;
				INFOPLIST_FILE = Test/Info.plist;
				LD_RUNPATH_SEARCH_PATHS = "$(inherited) @executable_path/Frameworks";
				PRODUCT_NAME = "$(TARGET_NAME)";
			};
			name = Debug;
		};
		2B8F4A9E1A6B795800B6557C /* Release */ = {
			isa = XCBuildConfiguration;
			buildSettings = {
				ASSETCATALOG_COMPILER_APPICON_NAME = AppIcon;
				INFOPLIST_FILE = Test/Info.plist;
				LD_RUNPATH_SEARCH_PATHS = "$(inherited) @executable_path/Frameworks";
				PRODUCT_NAME = "$(TARGET_NAME)";
			};
			name = Release;
		};
		2B8F4AA01A6B795800B6557C /* Debug */ = {
			isa = XCBuildConfiguration;
			buildSettings = {
				BUNDLE_LOADER = "$(TEST_HOST)";
				FRAMEWORK_SEARCH_PATHS = (
					"$(SDKROOT)/Developer/Library/Frameworks",
					"$(inherited)",
				);
				GCC_PREPROCESSOR_DEFINITIONS = (
					"DEBUG=1",
					"$(inherited)",
				);
				INFOPLIST_FILE = TestTests/Info.plist;
				LD_RUNPATH_SEARCH_PATHS = "$(inherited) @executable_path/Frameworks @loader_path/Frameworks";
				PRODUCT_NAME = "$(TARGET_NAME)";
				TEST_HOST = "$(BUILT_PRODUCTS_DIR)/Test.app/Test";
			};
			name = Debug;
		};
		2B8F4AA11A6B795800B6557C /* Release */ = {
			isa = XCBuildConfiguration;
			buildSettings = {
				BUNDLE_LOADER = "$(TEST_HOST)";
				FRAMEWORK_SEARCH_PATHS = (
					"$(SDKROOT)/Developer/Library/Frameworks",
					"$(inherited)",
				);
				INFOPLIST_FILE = TestTests/Info.plist;
				LD_RUNPATH_SEARCH_PATHS = "$(inherited) @executable_path/Frameworks @loader_path/Frameworks";
				PRODUCT_NAME = "$(TARGET_NAME)";
				TEST_HOST = "$(BUILT_PRODUCTS_DIR)/Test.app/Test";
			};
			name = Release;
		};
/* End XCBuildConfiguration section */

/* Begin XCConfigurationList section */
		2B8F4A781A6B795700B6557C /* Build configuration list for PBXProject "Test" */ = {
			isa = XCConfigurationList;
			buildConfigurations = (
				2B8F4A9A1A6B795800B6557C /* Debug */,
				2B8F4A9B1A6B795800B6557C /* Release */,
			);
			defaultConfigurationIsVisible = 0;
			defaultConfigurationName = Release;
		};
		2B8F4A9C1A6B795800B6557C /* Build configuration list for PBXNativeTarget "Test" */ = {
			isa = XCConfigurationList;
			buildConfigurations = (
				2B8F4A9D1A6B795800B6557C /* Debug */,
				2B8F4A9E1A6B795800B6557C /* Release */,
			);
			defaultConfigurationIsVisible = 0;
		};
		2B8F4A9F1A6B795800B6557C /* Build configuration list for PBXNativeTarget "TestTests" */ = {
			isa = XCConfigurationList;
			buildConfigurations = (
				2B8F4AA01A6B795800B6557C /* Debug */,
				2B8F4AA11A6B795800B6557C /* Release */,
			);
			defaultConfigurationIsVisible = 0;
		};
/* End XCConfigurationList section */
	};
	rootObject = 2B8F4A751A6B795700B6557C /* Project object */;
}
