// !$*UTF8*$!
{
	archiveVersion = 1;
	classes = {
	};
	objectVersion = 46;
	objects = {

/* Begin PBXBuildFile section */
		2BDFB3921A6B670B00EB32DB /* AppDelegate.swift in Sources */ = {isa = PBXBuildFile; fileRef = 2BDFB3911A6B670B00EB32DB /* AppDelegate.swift */; };
		2BDFB3941A6B670B00EB32DB /* RootViewController.swift in Sources */ = {isa = PBXBuildFile; fileRef = 2BDFB3931A6B670B00EB32DB /* RootViewController.swift */; };
		2BDFB3961A6B670B00EB32DB /* DataViewController.swift in Sources */ = {isa = PBXBuildFile; fileRef = 2BDFB3951A6B670B00EB32DB /* DataViewController.swift */; };
		2BDFB3981A6B670B00EB32DB /* ModelController.swift in Sources */ = {isa = PBXBuildFile; fileRef = 2BDFB3971A6B670B00EB32DB /* ModelController.swift */; };
		2BDFB39B1A6B670B00EB32DB /* Main.storyboard in Resources */ = {isa = PBXBuildFile; fileRef = 2BDFB3991A6B670B00EB32DB /* Main.storyboard */; };
		2BDFB39D1A6B670B00EB32DB /* Images.xcassets in Resources */ = {isa = PBXBuildFile; fileRef = 2BDFB39C1A6B670B00EB32DB /* Images.xcassets */; };
		2BDFB3A01A6B670B00EB32DB /* LaunchScreen.xib in Resources */ = {isa = PBXBuildFile; fileRef = 2BDFB39E1A6B670B00EB32DB /* LaunchScreen.xib */; };
		2BDFB3AC1A6B670B00EB32DB /* SleepyTests.swift in Sources */ = {isa = PBXBuildFile; fileRef = 2BDFB3AB1A6B670B00EB32DB /* SleepyTests.swift */; };
/* End PBXBuildFile section */

/* Begin PBXContainerItemProxy section */
		2BDFB3A61A6B670B00EB32DB /* PBXContainerItemProxy */ = {
			isa = PBXContainerItemProxy;
			containerPortal = 2BDFB3841A6B670B00EB32DB /* Project object */;
			proxyType = 1;
			remoteGlobalIDString = 2BDFB38B1A6B670B00EB32DB;
			remoteInfo = Sleepy;
		};
/* End PBXContainerItemProxy section */

/* Begin PBXFileReference section */
		2BDFB38C1A6B670B00EB32DB /* Sleepy.app */ = {isa = PBXFileReference; explicitFileType = wrapper.application; includeInIndex = 0; path = Sleepy.app; sourceTree = BUILT_PRODUCTS_DIR; };
		2BDFB3901A6B670B00EB32DB /* Info.plist */ = {isa = PBXFileReference; lastKnownFileType = text.plist.xml; path = Info.plist; sourceTree = "<group>"; };
		2BDFB3911A6B670B00EB32DB /* AppDelegate.swift */ = {isa = PBXFileReference; lastKnownFileType = sourcecode.swift; path = AppDelegate.swift; sourceTree = "<group>"; };
		2BDFB3931A6B670B00EB32DB /* RootViewController.swift */ = {isa = PBXFileReference; lastKnownFileType = sourcecode.swift; path = RootViewController.swift; sourceTree = "<group>"; };
		2BDFB3951A6B670B00EB32DB /* DataViewController.swift */ = {isa = PBXFileReference; lastKnownFileType = sourcecode.swift; path = DataViewController.swift; sourceTree = "<group>"; };
		2BDFB3971A6B670B00EB32DB /* ModelController.swift */ = {isa = PBXFileReference; lastKnownFileType = sourcecode.swift; path = ModelController.swift; sourceTree = "<group>"; };
		2BDFB39A1A6B670B00EB32DB /* Base */ = {isa = PBXFileReference; lastKnownFileType = file.storyboard; name = Base; path = Base.lproj/Main.storyboard; sourceTree = "<group>"; };
		2BDFB39C1A6B670B00EB32DB /* Images.xcassets */ = {isa = PBXFileReference; lastKnownFileType = folder.assetcatalog; path = Images.xcassets; sourceTree = "<group>"; };
		2BDFB39F1A6B670B00EB32DB /* Base */ = {isa = PBXFileReference; lastKnownFileType = file.xib; name = Base; path = Base.lproj/LaunchScreen.xib; sourceTree = "<group>"; };
		2BDFB3A51A6B670B00EB32DB /* SleepyTests.xctest */ = {isa = PBXFileReference; explicitFileType = wrapper.cfbundle; includeInIndex = 0; path = SleepyTests.xctest; sourceTree = BUILT_PRODUCTS_DIR; };
		2BDFB3AA1A6B670B00EB32DB /* Info.plist */ = {isa = PBXFileReference; lastKnownFileType = text.plist.xml; path = Info.plist; sourceTree = "<group>"; };
		2BDFB3AB1A6B670B00EB32DB /* SleepyTests.swift */ = {isa = PBXFileReference; lastKnownFileType = sourcecode.swift; path = SleepyTests.swift; sourceTree = "<group>"; };
/* End PBXFileReference section */

/* Begin PBXFrameworksBuildPhase section */
		2BDFB3891A6B670B00EB32DB /* Frameworks */ = {
			isa = PBXFrameworksBuildPhase;
			buildActionMask = 2147483647;
			files = (
			);
			runOnlyForDeploymentPostprocessing = 0;
		};
		2BDFB3A21A6B670B00EB32DB /* Frameworks */ = {
			isa = PBXFrameworksBuildPhase;
			buildActionMask = 2147483647;
			files = (
			);
			runOnlyForDeploymentPostprocessing = 0;
		};
/* End PBXFrameworksBuildPhase section */

/* Begin PBXGroup section */
		2BDFB3831A6B670B00EB32DB = {
			isa = PBXGroup;
			children = (
				2BDFB38E1A6B670B00EB32DB /* Sleepy */,
				2BDFB3A81A6B670B00EB32DB /* SleepyTests */,
				2BDFB38D1A6B670B00EB32DB /* Products */,
			);
			sourceTree = "<group>";
		};
		2BDFB38D1A6B670B00EB32DB /* Products */ = {
			isa = PBXGroup;
			children = (
				2BDFB38C1A6B670B00EB32DB /* Sleepy.app */,
				2BDFB3A51A6B670B00EB32DB /* SleepyTests.xctest */,
			);
			name = Products;
			sourceTree = "<group>";
		};
		2BDFB38E1A6B670B00EB32DB /* Sleepy */ = {
			isa = PBXGroup;
			children = (
				2BDFB3911A6B670B00EB32DB /* AppDelegate.swift */,
				2BDFB3931A6B670B00EB32DB /* RootViewController.swift */,
				2BDFB3951A6B670B00EB32DB /* DataViewController.swift */,
				2BDFB3971A6B670B00EB32DB /* ModelController.swift */,
				2BDFB3991A6B670B00EB32DB /* Main.storyboard */,
				2BDFB39C1A6B670B00EB32DB /* Images.xcassets */,
				2BDFB39E1A6B670B00EB32DB /* LaunchScreen.xib */,
				2BDFB38F1A6B670B00EB32DB /* Supporting Files */,
			);
			path = Sleepy;
			sourceTree = "<group>";
		};
		2BDFB38F1A6B670B00EB32DB /* Supporting Files */ = {
			isa = PBXGroup;
			children = (
				2BDFB3901A6B670B00EB32DB /* Info.plist */,
			);
			name = "Supporting Files";
			sourceTree = "<group>";
		};
		2BDFB3A81A6B670B00EB32DB /* SleepyTests */ = {
			isa = PBXGroup;
			children = (
				2BDFB3AB1A6B670B00EB32DB /* SleepyTests.swift */,
				2BDFB3A91A6B670B00EB32DB /* Supporting Files */,
			);
			path = SleepyTests;
			sourceTree = "<group>";
		};
		2BDFB3A91A6B670B00EB32DB /* Supporting Files */ = {
			isa = PBXGroup;
			children = (
				2BDFB3AA1A6B670B00EB32DB /* Info.plist */,
			);
			name = "Supporting Files";
			sourceTree = "<group>";
		};
/* End PBXGroup section */

/* Begin PBXNativeTarget section */
		2BDFB38B1A6B670B00EB32DB /* Sleepy */ = {
			isa = PBXNativeTarget;
			buildConfigurationList = 2BDFB3AF1A6B670B00EB32DB /* Build configuration list for PBXNativeTarget "Sleepy" */;
			buildPhases = (
				2BDFB3881A6B670B00EB32DB /* Sources */,
				2BDFB3891A6B670B00EB32DB /* Frameworks */,
				2BDFB38A1A6B670B00EB32DB /* Resources */,
			);
			buildRules = (
			);
			dependencies = (
			);
			name = Sleepy;
			productName = Sleepy;
			productReference = 2BDFB38C1A6B670B00EB32DB /* Sleepy.app */;
			productType = "com.apple.product-type.application";
		};
		2BDFB3A41A6B670B00EB32DB /* SleepyTests */ = {
			isa = PBXNativeTarget;
			buildConfigurationList = 2BDFB3B21A6B670B00EB32DB /* Build configuration list for PBXNativeTarget "SleepyTests" */;
			buildPhases = (
				2BDFB3A11A6B670B00EB32DB /* Sources */,
				2BDFB3A21A6B670B00EB32DB /* Frameworks */,
				2BDFB3A31A6B670B00EB32DB /* Resources */,
			);
			buildRules = (
			);
			dependencies = (
				2BDFB3A71A6B670B00EB32DB /* PBXTargetDependency */,
			);
			name = SleepyTests;
			productName = SleepyTests;
			productReference = 2BDFB3A51A6B670B00EB32DB /* SleepyTests.xctest */;
			productType = "com.apple.product-type.bundle.unit-test";
		};
/* End PBXNativeTarget section */

/* Begin PBXProject section */
		2BDFB3841A6B670B00EB32DB /* Project object */ = {
			isa = PBXProject;
			attributes = {
				LastUpgradeCheck = 0610;
				ORGANIZATIONNAME = "Prashant Sinha";
				TargetAttributes = {
					2BDFB38B1A6B670B00EB32DB = {
						CreatedOnToolsVersion = 6.1.1;
					};
					2BDFB3A41A6B670B00EB32DB = {
						CreatedOnToolsVersion = 6.1.1;
						TestTargetID = 2BDFB38B1A6B670B00EB32DB;
					};
				};
			};
			buildConfigurationList = 2BDFB3871A6B670B00EB32DB /* Build configuration list for PBXProject "Sleepy" */;
			compatibilityVersion = "Xcode 3.2";
			developmentRegion = English;
			hasScannedForEncodings = 0;
			knownRegions = (
				en,
				Base,
			);
			mainGroup = 2BDFB3831A6B670B00EB32DB;
			productRefGroup = 2BDFB38D1A6B670B00EB32DB /* Products */;
			projectDirPath = "";
			projectRoot = "";
			targets = (
				2BDFB38B1A6B670B00EB32DB /* Sleepy */,
				2BDFB3A41A6B670B00EB32DB /* SleepyTests */,
			);
		};
/* End PBXProject section */

/* Begin PBXResourcesBuildPhase section */
		2BDFB38A1A6B670B00EB32DB /* Resources */ = {
			isa = PBXResourcesBuildPhase;
			buildActionMask = 2147483647;
			files = (
				2BDFB39B1A6B670B00EB32DB /* Main.storyboard in Resources */,
				2BDFB3A01A6B670B00EB32DB /* LaunchScreen.xib in Resources */,
				2BDFB39D1A6B670B00EB32DB /* Images.xcassets in Resources */,
			);
			runOnlyForDeploymentPostprocessing = 0;
		};
		2BDFB3A31A6B670B00EB32DB /* Resources */ = {
			isa = PBXResourcesBuildPhase;
			buildActionMask = 2147483647;
			files = (
			);
			runOnlyForDeploymentPostprocessing = 0;
		};
/* End PBXResourcesBuildPhase section */

/* Begin PBXSourcesBuildPhase section */
		2BDFB3881A6B670B00EB32DB /* Sources */ = {
			isa = PBXSourcesBuildPhase;
			buildActionMask = 2147483647;
			files = (
				2BDFB3941A6B670B00EB32DB /* RootViewController.swift in Sources */,
				2BDFB3981A6B670B00EB32DB /* ModelController.swift in Sources */,
				2BDFB3961A6B670B00EB32DB /* DataViewController.swift in Sources */,
				2BDFB3921A6B670B00EB32DB /* AppDelegate.swift in Sources */,
			);
			runOnlyForDeploymentPostprocessing = 0;
		};
		2BDFB3A11A6B670B00EB32DB /* Sources */ = {
			isa = PBXSourcesBuildPhase;
			buildActionMask = 2147483647;
			files = (
				2BDFB3AC1A6B670B00EB32DB /* SleepyTests.swift in Sources */,
			);
			runOnlyForDeploymentPostprocessing = 0;
		};
/* End PBXSourcesBuildPhase section */

/* Begin PBXTargetDependency section */
		2BDFB3A71A6B670B00EB32DB /* PBXTargetDependency */ = {
			isa = PBXTargetDependency;
			target = 2BDFB38B1A6B670B00EB32DB /* Sleepy */;
			targetProxy = 2BDFB3A61A6B670B00EB32DB /* PBXContainerItemProxy */;
		};
/* End PBXTargetDependency section */

/* Begin PBXVariantGroup section */
		2BDFB3991A6B670B00EB32DB /* Main.storyboard */ = {
			isa = PBXVariantGroup;
			children = (
				2BDFB39A1A6B670B00EB32DB /* Base */,
			);
			name = Main.storyboard;
			sourceTree = "<group>";
		};
		2BDFB39E1A6B670B00EB32DB /* LaunchScreen.xib */ = {
			isa = PBXVariantGroup;
			children = (
				2BDFB39F1A6B670B00EB32DB /* Base */,
			);
			name = LaunchScreen.xib;
			sourceTree = "<group>";
		};
/* End PBXVariantGroup section */

/* Begin XCBuildConfiguration section */
		2BDFB3AD1A6B670B00EB32DB /* Debug */ = {
			isa = XCBuildConfiguration;
			buildSettings = {
				ALWAYS_SEARCH_USER_PATHS = NO;
				CLANG_CXX_LANGUAGE_STANDARD = "gnu++0x";
				CLANG_CXX_LIBRARY = "libc++";
				CLANG_ENABLE_MODULES = YES;
				CLANG_ENABLE_OBJC_ARC = YES;
				CLANG_WARN_BOOL_CONVERSION = YES;
				CLANG_WARN_CONSTANT_CONVERSION = YES;
				CLANG_WARN_DIRECT_OBJC_ISA_USAGE = YES_ERROR;
				CLANG_WARN_EMPTY_BODY = YES;
				CLANG_WARN_ENUM_CONVERSION = YES;
				CLANG_WARN_INT_CONVERSION = YES;
				CLANG_WARN_OBJC_ROOT_CLASS = YES_ERROR;
				CLANG_WARN_UNREACHABLE_CODE = YES;
				CLANG_WARN__DUPLICATE_METHOD_MATCH = YES;
				"CODE_SIGN_IDENTITY[sdk=iphoneos*]" = "iPhone Developer";
				COPY_PHASE_STRIP = NO;
				ENABLE_STRICT_OBJC_MSGSEND = YES;
				GCC_C_LANGUAGE_STANDARD = gnu99;
				GCC_DYNAMIC_NO_PIC = NO;
				GCC_OPTIMIZATION_LEVEL = 0;
				GCC_PREPROCESSOR_DEFINITIONS = (
					"DEBUG=1",
					"$(inherited)",
				);
				GCC_SYMBOLS_PRIVATE_EXTERN = NO;
				GCC_WARN_64_TO_32_BIT_CONVERSION = YES;
				GCC_WARN_ABOUT_RETURN_TYPE = YES_ERROR;
				GCC_WARN_UNDECLARED_SELECTOR = YES;
				GCC_WARN_UNINITIALIZED_AUTOS = YES_AGGRESSIVE;
				GCC_WARN_UNUSED_FUNCTION = YES;
				GCC_WARN_UNUSED_VARIABLE = YES;
				IPHONEOS_DEPLOYMENT_TARGET = 8.1;
				MTL_ENABLE_DEBUG_INFO = YES;
				ONLY_ACTIVE_ARCH = YES;
				SDKROOT = iphoneos;
				SWIFT_OPTIMIZATION_LEVEL = "-Onone";
			};
			name = Debug;
		};
		2BDFB3AE1A6B670B00EB32DB /* Release */ = {
			isa = XCBuildConfiguration;
			buildSettings = {
				ALWAYS_SEARCH_USER_PATHS = NO;
				CLANG_CXX_LANGUAGE_STANDARD = "gnu++0x";
				CLANG_CXX_LIBRARY = "libc++";
				CLANG_ENABLE_MODULES = YES;
				CLANG_ENABLE_OBJC_ARC = YES;
				CLANG_WARN_BOOL_CONVERSION = YES;
				CLANG_WARN_CONSTANT_CONVERSION = YES;
				CLANG_WARN_DIRECT_OBJC_ISA_USAGE = YES_ERROR;
				CLANG_WARN_EMPTY_BODY = YES;
				CLANG_WARN_ENUM_CONVERSION = YES;
				CLANG_WARN_INT_CONVERSION = YES;
				CLANG_WARN_OBJC_ROOT_CLASS = YES_ERROR;
				CLANG_WARN_UNREACHABLE_CODE = YES;
				CLANG_WARN__DUPLICATE_METHOD_MATCH = YES;
				"CODE_SIGN_IDENTITY[sdk=iphoneos*]" = "iPhone Developer";
				COPY_PHASE_STRIP = YES;
				ENABLE_NS_ASSERTIONS = NO;
				ENABLE_STRICT_OBJC_MSGSEND = YES;
				GCC_C_LANGUAGE_STANDARD = gnu99;
				GCC_WARN_64_TO_32_BIT_CONVERSION = YES;
				GCC_WARN_ABOUT_RETURN_TYPE = YES_ERROR;
				GCC_WARN_UNDECLARED_SELECTOR = YES;
				GCC_WARN_UNINITIALIZED_AUTOS = YES_AGGRESSIVE;
				GCC_WARN_UNUSED_FUNCTION = YES;
				GCC_WARN_UNUSED_VARIABLE = YES;
				IPHONEOS_DEPLOYMENT_TARGET = 8.1;
				MTL_ENABLE_DEBUG_INFO = NO;
				SDKROOT = iphoneos;
				VALIDATE_PRODUCT = YES;
			};
			name = Release;
		};
		2BDFB3B01A6B670B00EB32DB /* Debug */ = {
			isa = XCBuildConfiguration;
			buildSettings = {
				ASSETCATALOG_COMPILER_APPICON_NAME = AppIcon;
				INFOPLIST_FILE = Sleepy/Info.plist;
				IPHONEOS_DEPLOYMENT_TARGET = 8.1;
				LD_RUNPATH_SEARCH_PATHS = "$(inherited) @executable_path/Frameworks";
				PRODUCT_NAME = "$(TARGET_NAME)";
			};
			name = Debug;
		};
		2BDFB3B11A6B670B00EB32DB /* Release */ = {
			isa = XCBuildConfiguration;
			buildSettings = {
				ASSETCATALOG_COMPILER_APPICON_NAME = AppIcon;
				INFOPLIST_FILE = Sleepy/Info.plist;
				IPHONEOS_DEPLOYMENT_TARGET = 8.1;
				LD_RUNPATH_SEARCH_PATHS = "$(inherited) @executable_path/Frameworks";
				PRODUCT_NAME = "$(TARGET_NAME)";
			};
			name = Release;
		};
		2BDFB3B31A6B670B00EB32DB /* Debug */ = {
			isa = XCBuildConfiguration;
			buildSettings = {
				BUNDLE_LOADER = "$(TEST_HOST)";
				FRAMEWORK_SEARCH_PATHS = (
					"$(SDKROOT)/Developer/Library/Frameworks",
					"$(inherited)",
				);
				GCC_PREPROCESSOR_DEFINITIONS = (
					"DEBUG=1",
					"$(inherited)",
				);
				INFOPLIST_FILE = SleepyTests/Info.plist;
				LD_RUNPATH_SEARCH_PATHS = "$(inherited) @executable_path/Frameworks @loader_path/Frameworks";
				PRODUCT_NAME = "$(TARGET_NAME)";
				TEST_HOST = "$(BUILT_PRODUCTS_DIR)/Sleepy.app/Sleepy";
			};
			name = Debug;
		};
		2BDFB3B41A6B670B00EB32DB /* Release */ = {
			isa = XCBuildConfiguration;
			buildSettings = {
				BUNDLE_LOADER = "$(TEST_HOST)";
				FRAMEWORK_SEARCH_PATHS = (
					"$(SDKROOT)/Developer/Library/Frameworks",
					"$(inherited)",
				);
				INFOPLIST_FILE = SleepyTests/Info.plist;
				LD_RUNPATH_SEARCH_PATHS = "$(inherited) @executable_path/Frameworks @loader_path/Frameworks";
				PRODUCT_NAME = "$(TARGET_NAME)";
				TEST_HOST = "$(BUILT_PRODUCTS_DIR)/Sleepy.app/Sleepy";
			};
			name = Release;
		};
/* End XCBuildConfiguration section */

/* Begin XCConfigurationList section */
		2BDFB3871A6B670B00EB32DB /* Build configuration list for PBXProject "Sleepy" */ = {
			isa = XCConfigurationList;
			buildConfigurations = (
				2BDFB3AD1A6B670B00EB32DB /* Debug */,
				2BDFB3AE1A6B670B00EB32DB /* Release */,
			);
			defaultConfigurationIsVisible = 0;
			defaultConfigurationName = Release;
		};
		2BDFB3AF1A6B670B00EB32DB /* Build configuration list for PBXNativeTarget "Sleepy" */ = {
			isa = XCConfigurationList;
			buildConfigurations = (
				2BDFB3B01A6B670B00EB32DB /* Debug */,
				2BDFB3B11A6B670B00EB32DB /* Release */,
			);
			defaultConfigurationIsVisible = 0;
		};
		2BDFB3B21A6B670B00EB32DB /* Build configuration list for PBXNativeTarget "SleepyTests" */ = {
			isa = XCConfigurationList;
			buildConfigurations = (
				2BDFB3B31A6B670B00EB32DB /* Debug */,
				2BDFB3B41A6B670B00EB32DB /* Release */,
			);
			defaultConfigurationIsVisible = 0;
		};
/* End XCConfigurationList section */
	};
	rootObject = 2BDFB3841A6B670B00EB32DB /* Project object */;
}
